
Microsoft Visual Studio Solution File, Format Version 12.00
# Visual Studio Version 17
VisualStudioVersion = 17.14.36327.8
MinimumVisualStudioVersion = 10.0.40219.1
Project("{FAE04EC0-301F-11D3-BF4B-00C04F79EFBC}") = "MinimalApi", "Minimal Api\MinimalApi.csproj", "{AB53E301-596A-4015-9539-005C5EEA5817}"
EndProject
Global
	GlobalSection(SolutionConfigurationPlatforms) = preSolution
		Debug|Any CPU = Debug|Any CPU
		Debug|x64 = Debug|x64
		Release|Any CPU = Release|Any CPU
		Release|x64 = Release|x64
	EndGlobalSection
	GlobalSection(ProjectConfigurationPlatforms) = postSolution
		{AB53E301-596A-4015-9539-005C5EEA5817}.Debug|Any CPU.ActiveCfg = Debug|Any CPU
		{AB53E301-596A-4015-9539-005C5EEA5817}.Debug|Any CPU.Build.0 = Debug|Any CPU
		{AB53E301-596A-4015-9539-005C5EEA5817}.Debug|x64.ActiveCfg = Debug|x64
		{AB53E301-596A-4015-9539-005C5EEA5817}.Debug|x64.Build.0 = Debug|x64
		{AB53E301-596A-4015-9539-005C5EEA5817}.Release|Any CPU.ActiveCfg = Release|Any CPU
		{AB53E301-596A-4015-9539-005C5EEA5817}.Release|Any CPU.Build.0 = Release|Any CPU
		{AB53E301-596A-4015-9539-005C5EEA5817}.Release|x64.ActiveCfg = Release|x64
		{AB53E301-596A-4015-9539-005C5EEA5817}.Release|x64.Build.0 = Release|x64
	EndGlobalSection
	GlobalSection(SolutionProperties) = preSolution
		HideSolutionNode = FALSE
	EndGlobalSection
	GlobalSection(ExtensibilityGlobals) = postSolution
		SolutionGuid = {537F6D1C-EFE9-402B-9F56-E901C76E68EE}
	EndGlobalSection
EndGlobal
